{
  "version": 1,
  "dependencies": {
    "net10.0-windows7.0": {
      "Concentus": {
        "type": "Direct",
        "requested": "[2.2.2, )",
        "resolved": "2.2.2",
        "contentHash": "2B9YmHPKO+k7YpAAnqmiXwiMJnfjfj1C868RszOll2iZWLnGTAiC1q21L/d7CvTan7T+hyqU8dR0Dcy3cpjVfQ=="
      },
      "Concentus.Oggfile": {
        "type": "Direct",
        "requested": "[1.0.7, )",
        "resolved": "1.0.7",
        "contentHash": "rKWtI5oiTWqK2ol1aWvIT1BRTPi07Uo1hAet0ysQoZQqFo/mxBRwr+ERw89fIdkL3tbMf3ncoW7b3HDGx8Sk4g==",
        "dependencies": {
          "Concentus": "2.2.2"
        }
      },
      "DalamudPackager": {
        "type": "Direct",
        "requested": "[15.0.0, )",
        "resolved": "15.0.0",
        "contentHash": "411vwC8/X8Z/sQ2TI6v3SvOn66xFPeOjFn3Zn+h0d3Ox2t1kFm66AhDvmx/qcMwVrR+Hidxj0dadpQ2dgyXMBQ=="
      },
      "DotNet.ReproducibleBuilds": {
        "type": "Direct",
        "requested": "[1.2.39, )",
        "resolved": "1.2.39",
        "contentHash": "fcFN01tDTIQqDuTwr1jUQK/geofiwjG5DycJQOnC72i1SsLAk1ELe+apBOuZ11UMQG8YKFZG1FgvjZPbqHyatg=="
      },
      "NAudio.Core": {
        "type": "Direct",
        "requested": "[2.2.1, )",
        "resolved": "2.2.1",
        "contentHash": "GgkdP6K/7FqXFo7uHvoqGZTJvW4z8g2IffhOO4JHaLzKCdDOUEzVKtveoZkCuUX8eV2HAINqi7VFqlFndrnz/g=="
      },
      "NAudio.Vorbis": {
        "type": "Direct",
        "requested": "[1.5.0, )",
        "resolved": "1.5.0",
        "contentHash": "llJMmUnFf0FGf4G1FKNftxt+Vc1CvBCSul0Ugbv/RahGbpKF2p+ujSEJHybPjl9b4FjbK8O2vRFIcRGcVfAooA==",
        "dependencies": {
          "NAudio.Core": "2.0.0",
          "NVorbis": "0.10.4"
        }
      },
      "NAudio.WinMM": {
        "type": "Direct",
        "requested": "[2.2.1, )",
        "resolved": "2.2.1",
        "contentHash": "xFHRFwH4x6aq3IxRbewvO33ugJRvZFEOfO62i7uQJRUNW2cnu6BeBTHUS0JD5KBucZbHZaYqxQG8dwZ47ezQuQ==",
        "dependencies": {
          "NAudio.Core": "2.2.1"
        }
      },
      "NVorbis": {
        "type": "Transitive",
        "resolved": "0.10.4",
        "contentHash": "WYnil3DhQHzjCY0dM9I2B3r1vWip90AOuQd25KE4NrjPQBg0tBJFluRLm5YPnO5ZLDmwrfosY8jCQGQRmWI/Pg=="
      }
    }
  }
}